// !$*UTF8*$!
{
	archiveVersion = 1;
	classes = {
	};
	objectVersion = 46;
	objects = {

/* Begin PBXBuildFile section */
		88A08198193EDF1000386586 /* AppDelegate.swift in Sources */ = {isa = PBXBuildFile; fileRef = 88A08197193EDF1000386586 /* AppDelegate.swift */; };
		88A0819A193EDF1000386586 /* ViewController.swift in Sources */ = {isa = PBXBuildFile; fileRef = 88A08199193EDF1000386586 /* ViewController.swift */; };
		88A0819D193EDF1000386586 /* Main.storyboard in Resources */ = {isa = PBXBuildFile; fileRef = 88A0819B193EDF1000386586 /* Main.storyboard */; };
		88A0819F193EDF1000386586 /* Images.xcassets in Resources */ = {isa = PBXBuildFile; fileRef = 88A0819E193EDF1000386586 /* Images.xcassets */; };
		88A081AB193EDF1000386586 /* SwiftDemoTests.swift in Sources */ = {isa = PBXBuildFile; fileRef = 88A081AA193EDF1000386586 /* SwiftDemoTests.swift */; };
/* End PBXBuildFile section */

/* Begin PBXContainerItemProxy section */
		88A081A5193EDF1000386586 /* PBXContainerItemProxy */ = {
			isa = PBXContainerItemProxy;
			containerPortal = 88A0818A193EDF1000386586 /* Project object */;
			proxyType = 1;
			remoteGlobalIDString = 88A08191193EDF1000386586;
			remoteInfo = SwiftDemo;
		};
/* End PBXContainerItemProxy section */

/* Begin PBXFileReference section */
		8800134919403DB2005C6572 /* AddressBook.framework */ = {isa = PBXFileReference; lastKnownFileType = wrapper.framework; name = AddressBook.framework; path = System/Library/Frameworks/AddressBook.framework; sourceTree = SDKROOT; };
		8800134A19403DB2005C6572 /* AddressBookUI.framework */ = {isa = PBXFileReference; lastKnownFileType = wrapper.framework; name = AddressBookUI.framework; path = System/Library/Frameworks/AddressBookUI.framework; sourceTree = SDKROOT; };
		8800134D19403DDB005C6572 /* UIKit.framework */ = {isa = PBXFileReference; lastKnownFileType = wrapper.framework; name = UIKit.framework; path = System/Library/Frameworks/UIKit.framework; sourceTree = SDKROOT; };
		88A08192193EDF1000386586 /* SwiftDemo.app */ = {isa = PBXFileReference; explicitFileType = wrapper.application; includeInIndex = 0; path = SwiftDemo.app; sourceTree = BUILT_PRODUCTS_DIR; };
		88A08196193EDF1000386586 /* Info.plist */ = {isa = PBXFileReference; lastKnownFileType = text.plist.xml; path = Info.plist; sourceTree = "<group>"; };
		88A08197193EDF1000386586 /* AppDelegate.swift */ = {isa = PBXFileReference; lastKnownFileType = sourcecode.swift; path = AppDelegate.swift; sourceTree = "<group>"; };
		88A08199193EDF1000386586 /* ViewController.swift */ = {isa = PBXFileReference; lastKnownFileType = sourcecode.swift; path = ViewController.swift; sourceTree = "<group>"; };
		88A0819C193EDF1000386586 /* Base */ = {isa = PBXFileReference; lastKnownFileType = file.storyboard; name = Base; path = Base.lproj/Main.storyboard; sourceTree = "<group>"; };
		88A0819E193EDF1000386586 /* Images.xcassets */ = {isa = PBXFileReference; lastKnownFileType = folder.assetcatalog; path = Images.xcassets; sourceTree = "<group>"; };
		88A081A4193EDF1000386586 /* SwiftDemoTests.xctest */ = {isa = PBXFileReference; explicitFileType = wrapper.cfbundle; includeInIndex = 0; path = SwiftDemoTests.xctest; sourceTree = BUILT_PRODUCTS_DIR; };
		88A081A9193EDF1000386586 /* Info.plist */ = {isa = PBXFileReference; lastKnownFileType = text.plist.xml; path = Info.plist; sourceTree = "<group>"; };
		88A081AA193EDF1000386586 /* SwiftDemoTests.swift */ = {isa = PBXFileReference; lastKnownFileType = sourcecode.swift; path = SwiftDemoTests.swift; sourceTree = "<group>"; };
/* End PBXFileReference section */

/* Begin PBXFrameworksBuildPhase section */
		88A0818F193EDF1000386586 /* Frameworks */ = {
			isa = PBXFrameworksBuildPhase;
			buildActionMask = 2147483647;
			files = (
			);
			runOnlyForDeploymentPostprocessing = 0;
		};
		88A081A1193EDF1000386586 /* Frameworks */ = {
			isa = PBXFrameworksBuildPhase;
			buildActionMask = 2147483647;
			files = (
			);
			runOnlyForDeploymentPostprocessing = 0;
		};
/* End PBXFrameworksBuildPhase section */

/* Begin PBXGroup section */
		88A08189193EDF1000386586 = {
			isa = PBXGroup;
			children = (
				8800134D19403DDB005C6572 /* UIKit.framework */,
				8800134919403DB2005C6572 /* AddressBook.framework */,
				8800134A19403DB2005C6572 /* AddressBookUI.framework */,
				88A08194193EDF1000386586 /* SwiftDemo */,
				88A081A7193EDF1000386586 /* SwiftDemoTests */,
				88A08193193EDF1000386586 /* Products */,
			);
			sourceTree = "<group>";
		};
		88A08193193EDF1000386586 /* Products */ = {
			isa = PBXGroup;
			children = (
				88A08192193EDF1000386586 /* SwiftDemo.app */,
				88A081A4193EDF1000386586 /* SwiftDemoTests.xctest */,
			);
			name = Products;
			sourceTree = "<group>";
		};
		88A08194193EDF1000386586 /* SwiftDemo */ = {
			isa = PBXGroup;
			children = (
				88A08197193EDF1000386586 /* AppDelegate.swift */,
				88A08199193EDF1000386586 /* ViewController.swift */,
				88A0819B193EDF1000386586 /* Main.storyboard */,
				88A0819E193EDF1000386586 /* Images.xcassets */,
				88A08195193EDF1000386586 /* Supporting Files */,
			);
			path = SwiftDemo;
			sourceTree = "<group>";
		};
		88A08195193EDF1000386586 /* Supporting Files */ = {
			isa = PBXGroup;
			children = (
				88A08196193EDF1000386586 /* Info.plist */,
			);
			name = "Supporting Files";
			sourceTree = "<group>";
		};
		88A081A7193EDF1000386586 /* SwiftDemoTests */ = {
			isa = PBXGroup;
			children = (
				88A081AA193EDF1000386586 /* SwiftDemoTests.swift */,
				88A081A8193EDF1000386586 /* Supporting Files */,
			);
			path = SwiftDemoTests;
			sourceTree = "<group>";
		};
		88A081A8193EDF1000386586 /* Supporting Files */ = {
			isa = PBXGroup;
			children = (
				88A081A9193EDF1000386586 /* Info.plist */,
			);
			name = "Supporting Files";
			sourceTree = "<group>";
		};
/* End PBXGroup section */

/* Begin PBXNativeTarget section */
		88A08191193EDF1000386586 /* SwiftDemo */ = {
			isa = PBXNativeTarget;
			buildConfigurationList = 88A081AE193EDF1000386586 /* Build configuration list for PBXNativeTarget "SwiftDemo" */;
			buildPhases = (
				88A0818E193EDF1000386586 /* Sources */,
				88A0818F193EDF1000386586 /* Frameworks */,
				88A08190193EDF1000386586 /* Resources */,
			);
			buildRules = (
			);
			dependencies = (
			);
			name = SwiftDemo;
			productName = SwiftDemo;
			productReference = 88A08192193EDF1000386586 /* SwiftDemo.app */;
			productType = "com.apple.product-type.application";
		};
		88A081A3193EDF1000386586 /* SwiftDemoTests */ = {
			isa = PBXNativeTarget;
			buildConfigurationList = 88A081B1193EDF1000386586 /* Build configuration list for PBXNativeTarget "SwiftDemoTests" */;
			buildPhases = (
				88A081A0193EDF1000386586 /* Sources */,
				88A081A1193EDF1000386586 /* Frameworks */,
				88A081A2193EDF1000386586 /* Resources */,
			);
			buildRules = (
			);
			dependencies = (
				88A081A6193EDF1000386586 /* PBXTargetDependency */,
			);
			name = SwiftDemoTests;
			productName = SwiftDemoTests;
			productReference = 88A081A4193EDF1000386586 /* SwiftDemoTests.xctest */;
			productType = "com.apple.product-type.bundle.unit-test";
		};
/* End PBXNativeTarget section */

/* Begin PBXProject section */
		88A0818A193EDF1000386586 /* Project object */ = {
			isa = PBXProject;
			attributes = {
				LastUpgradeCheck = 0600;
				ORGANIZATIONNAME = "上海伊墨科技股份有限责任公司";
				TargetAttributes = {
					88A08191193EDF1000386586 = {
						CreatedOnToolsVersion = 6.0;
					};
					88A081A3193EDF1000386586 = {
						CreatedOnToolsVersion = 6.0;
						TestTargetID = 88A08191193EDF1000386586;
					};
				};
			};
			buildConfigurationList = 88A0818D193EDF1000386586 /* Build configuration list for PBXProject "SwiftDemo" */;
			compatibilityVersion = "Xcode 3.2";
			developmentRegion = English;
			hasScannedForEncodings = 0;
			knownRegions = (
				en,
				Base,
			);
			mainGroup = 88A08189193EDF1000386586;
			productRefGroup = 88A08193193EDF1000386586 /* Products */;
			projectDirPath = "";
			projectRoot = "";
			targets = (
				88A08191193EDF1000386586 /* SwiftDemo */,
				88A081A3193EDF1000386586 /* SwiftDemoTests */,
			);
		};
/* End PBXProject section */

/* Begin PBXResourcesBuildPhase section */
		88A08190193EDF1000386586 /* Resources */ = {
			isa = PBXResourcesBuildPhase;
			buildActionMask = 2147483647;
			files = (
				88A0819D193EDF1000386586 /* Main.storyboard in Resources */,
				88A0819F193EDF1000386586 /* Images.xcassets in Resources */,
			);
			runOnlyForDeploymentPostprocessing = 0;
		};
		88A081A2193EDF1000386586 /* Resources */ = {
			isa = PBXResourcesBuildPhase;
			buildActionMask = 2147483647;
			files = (
			);
			runOnlyForDeploymentPostprocessing = 0;
		};
/* End PBXResourcesBuildPhase section */

/* Begin PBXSourcesBuildPhase section */
		88A0818E193EDF1000386586 /* Sources */ = {
			isa = PBXSourcesBuildPhase;
			buildActionMask = 2147483647;
			files = (
				88A0819A193EDF1000386586 /* ViewController.swift in Sources */,
				88A08198193EDF1000386586 /* AppDelegate.swift in Sources */,
			);
			runOnlyForDeploymentPostprocessing = 0;
		};
		88A081A0193EDF1000386586 /* Sources */ = {
			isa = PBXSourcesBuildPhase;
			buildActionMask = 2147483647;
			files = (
				88A081AB193EDF1000386586 /* SwiftDemoTests.swift in Sources */,
			);
			runOnlyForDeploymentPostprocessing = 0;
		};
/* End PBXSourcesBuildPhase section */

/* Begin PBXTargetDependency section */
		88A081A6193EDF1000386586 /* PBXTargetDependency */ = {
			isa = PBXTargetDependency;
			target = 88A08191193EDF1000386586 /* SwiftDemo */;
			targetProxy = 88A081A5193EDF1000386586 /* PBXContainerItemProxy */;
		};
/* End PBXTargetDependency section */

/* Begin PBXVariantGroup section */
		88A0819B193EDF1000386586 /* Main.storyboard */ = {
			isa = PBXVariantGroup;
			children = (
				88A0819C193EDF1000386586 /* Base */,
			);
			name = Main.storyboard;
			sourceTree = "<group>";
		};
/* End PBXVariantGroup section */

/* Begin XCBuildConfiguration section */
		88A081AC193EDF1000386586 /* Debug */ = {
			isa = XCBuildConfiguration;
			buildSettings = {
				ALWAYS_SEARCH_USER_PATHS = NO;
				CLANG_CXX_LANGUAGE_STANDARD = "gnu++0x";
				CLANG_CXX_LIBRARY = "libc++";
				CLANG_ENABLE_MODULES = YES;
				CLANG_ENABLE_OBJC_ARC = YES;
				CLANG_WARN_BOOL_CONVERSION = YES;
				CLANG_WARN_CONSTANT_CONVERSION = YES;
				CLANG_WARN_DIRECT_OBJC_ISA_USAGE = YES_ERROR;
				CLANG_WARN_EMPTY_BODY = YES;
				CLANG_WARN_ENUM_CONVERSION = YES;
				CLANG_WARN_INT_CONVERSION = YES;
				CLANG_WARN_OBJC_ROOT_CLASS = YES_ERROR;
				CLANG_WARN_UNREACHABLE_CODE = YES;
				CLANG_WARN__DUPLICATE_METHOD_MATCH = YES;
				"CODE_SIGN_IDENTITY[sdk=iphoneos*]" = "iPhone Developer";
				COPY_PHASE_STRIP = NO;
				ENABLE_STRICT_OBJC_MSGSEND = YES;
				GCC_C_LANGUAGE_STANDARD = gnu99;
				GCC_DYNAMIC_NO_PIC = NO;
				GCC_OPTIMIZATION_LEVEL = 0;
				GCC_PREPROCESSOR_DEFINITIONS = (
					"DEBUG=1",
					"$(inherited)",
				);
				GCC_SYMBOLS_PRIVATE_EXTERN = NO;
				GCC_WARN_64_TO_32_BIT_CONVERSION = YES;
				GCC_WARN_ABOUT_RETURN_TYPE = YES_ERROR;
				GCC_WARN_UNDECLARED_SELECTOR = YES;
				GCC_WARN_UNINITIALIZED_AUTOS = YES_AGGRESSIVE;
				GCC_WARN_UNUSED_FUNCTION = YES;
				GCC_WARN_UNUSED_VARIABLE = YES;
				IPHONEOS_DEPLOYMENT_TARGET = 4.3;
				METAL_ENABLE_DEBUG_INFO = YES;
				ONLY_ACTIVE_ARCH = YES;
				SDKROOT = iphoneos;
				SWIFT_OPTIMIZATION_LEVEL = "-Onone";
			};
			name = Debug;
		};
		88A081AD193EDF1000386586 /* Release */ = {
			isa = XCBuildConfiguration;
			buildSettings = {
				ALWAYS_SEARCH_USER_PATHS = NO;
				CLANG_CXX_LANGUAGE_STANDARD = "gnu++0x";
				CLANG_CXX_LIBRARY = "libc++";
				CLANG_ENABLE_MODULES = YES;
				CLANG_ENABLE_OBJC_ARC = YES;
				CLANG_WARN_BOOL_CONVERSION = YES;
				CLANG_WARN_CONSTANT_CONVERSION = YES;
				CLANG_WARN_DIRECT_OBJC_ISA_USAGE = YES_ERROR;
				CLANG_WARN_EMPTY_BODY = YES;
				CLANG_WARN_ENUM_CONVERSION = YES;
				CLANG_WARN_INT_CONVERSION = YES;
				CLANG_WARN_OBJC_ROOT_CLASS = YES_ERROR;
				CLANG_WARN_UNREACHABLE_CODE = YES;
				CLANG_WARN__DUPLICATE_METHOD_MATCH = YES;
				"CODE_SIGN_IDENTITY[sdk=iphoneos*]" = "iPhone Developer";
				COPY_PHASE_STRIP = YES;
				ENABLE_NS_ASSERTIONS = NO;
				ENABLE_STRICT_OBJC_MSGSEND = YES;
				GCC_C_LANGUAGE_STANDARD = gnu99;
				GCC_WARN_64_TO_32_BIT_CONVERSION = YES;
				GCC_WARN_ABOUT_RETURN_TYPE = YES_ERROR;
				GCC_WARN_UNDECLARED_SELECTOR = YES;
				GCC_WARN_UNINITIALIZED_AUTOS = YES_AGGRESSIVE;
				GCC_WARN_UNUSED_FUNCTION = YES;
				GCC_WARN_UNUSED_VARIABLE = YES;
				IPHONEOS_DEPLOYMENT_TARGET = 4.3;
				METAL_ENABLE_DEBUG_INFO = NO;
				SDKROOT = iphoneos;
				VALIDATE_PRODUCT = YES;
			};
			name = Release;
		};
		88A081AF193EDF1000386586 /* Debug */ = {
			isa = XCBuildConfiguration;
			buildSettings = {
				ASSETCATALOG_COMPILER_APPICON_NAME = AppIcon;
				ASSETCATALOG_COMPILER_LAUNCHIMAGE_NAME = LaunchImage;
				INFOPLIST_FILE = SwiftDemo/Info.plist;
				LD_RUNPATH_SEARCH_PATHS = "$(inherited) @executable_path/Frameworks";
				PRODUCT_NAME = "$(TARGET_NAME)";
			};
			name = Debug;
		};
		88A081B0193EDF1000386586 /* Release */ = {
			isa = XCBuildConfiguration;
			buildSettings = {
				ASSETCATALOG_COMPILER_APPICON_NAME = AppIcon;
				ASSETCATALOG_COMPILER_LAUNCHIMAGE_NAME = LaunchImage;
				INFOPLIST_FILE = SwiftDemo/Info.plist;
				LD_RUNPATH_SEARCH_PATHS = "$(inherited) @executable_path/Frameworks";
				PRODUCT_NAME = "$(TARGET_NAME)";
			};
			name = Release;
		};
		88A081B2193EDF1000386586 /* Debug */ = {
			isa = XCBuildConfiguration;
			buildSettings = {
				BUNDLE_LOADER = "$(BUILT_PRODUCTS_DIR)/SwiftDemo.app/SwiftDemo";
				FRAMEWORK_SEARCH_PATHS = (
					"$(SDKROOT)/Developer/Library/Frameworks",
					"$(inherited)",
				);
				GCC_PREPROCESSOR_DEFINITIONS = (
					"DEBUG=1",
					"$(inherited)",
				);
				INFOPLIST_FILE = SwiftDemoTests/Info.plist;
				LD_RUNPATH_SEARCH_PATHS = "$(inherited) @executable_path/Frameworks @loader_path/Frameworks";
				METAL_ENABLE_DEBUG_INFO = YES;
				PRODUCT_NAME = "$(TARGET_NAME)";
				TEST_HOST = "$(BUNDLE_LOADER)";
			};
			name = Debug;
		};
		88A081B3193EDF1000386586 /* Release */ = {
			isa = XCBuildConfiguration;
			buildSettings = {
				BUNDLE_LOADER = "$(BUILT_PRODUCTS_DIR)/SwiftDemo.app/SwiftDemo";
				FRAMEWORK_SEARCH_PATHS = (
					"$(SDKROOT)/Developer/Library/Frameworks",
					"$(inherited)",
				);
				INFOPLIST_FILE = SwiftDemoTests/Info.plist;
				LD_RUNPATH_SEARCH_PATHS = "$(inherited) @executable_path/Frameworks @loader_path/Frameworks";
				METAL_ENABLE_DEBUG_INFO = NO;
				PRODUCT_NAME = "$(TARGET_NAME)";
				TEST_HOST = "$(BUNDLE_LOADER)";
			};
			name = Release;
		};
/* End XCBuildConfiguration section */

/* Begin XCConfigurationList section */
		88A0818D193EDF1000386586 /* Build configuration list for PBXProject "SwiftDemo" */ = {
			isa = XCConfigurationList;
			buildConfigurations = (
				88A081AC193EDF1000386586 /* Debug */,
				88A081AD193EDF1000386586 /* Release */,
			);
			defaultConfigurationIsVisible = 0;
			defaultConfigurationName = Release;
		};
		88A081AE193EDF1000386586 /* Build configuration list for PBXNativeTarget "SwiftDemo" */ = {
			isa = XCConfigurationList;
			buildConfigurations = (
				88A081AF193EDF1000386586 /* Debug */,
				88A081B0193EDF1000386586 /* Release */,
			);
			defaultConfigurationIsVisible = 0;
			defaultConfigurationName = Release;
		};
		88A081B1193EDF1000386586 /* Build configuration list for PBXNativeTarget "SwiftDemoTests" */ = {
			isa = XCConfigurationList;
			buildConfigurations = (
				88A081B2193EDF1000386586 /* Debug */,
				88A081B3193EDF1000386586 /* Release */,
			);
			defaultConfigurationIsVisible = 0;
			defaultConfigurationName = Release;
		};
/* End XCConfigurationList section */
	};
	rootObject = 88A0818A193EDF1000386586 /* Project object */;
}
